
Microsoft Visual Studio Solution File, Format Version 12.00
# Visual Studio Version 17
VisualStudioVersion = 17.14.36518.9 d17.14
MinimumVisualStudioVersion = 10.0.40219.1
Project("{FAE04EC0-301F-11D3-BF4B-00C04F79EFBC}") = "LoginHomeUsuario", "LoginHomeUsuario\LoginHomeUsuario.csproj", "{D28F44F8-7438-4CE0-8F46-1CA1BFADBD9B}"
EndProject
Global
	GlobalSection(SolutionConfigurationPlatforms) = preSolution
		Debug|Any CPU = Debug|Any CPU
		Release|Any CPU = Release|Any CPU
	EndGlobalSection
	GlobalSection(ProjectConfigurationPlatforms) = postSolution
		{D28F44F8-7438-4CE0-8F46-1CA1BFADBD9B}.Debug|Any CPU.ActiveCfg = Debug|Any CPU
		{D28F44F8-7438-4CE0-8F46-1CA1BFADBD9B}.Debug|Any CPU.Build.0 = Debug|Any CPU
		{D28F44F8-7438-4CE0-8F46-1CA1BFADBD9B}.Release|Any CPU.ActiveCfg = Release|Any CPU
		{D28F44F8-7438-4CE0-8F46-1CA1BFADBD9B}.Release|Any CPU.Build.0 = Release|Any CPU
	EndGlobalSection
	GlobalSection(SolutionProperties) = preSolution
		HideSolutionNode = FALSE
	EndGlobalSection
	GlobalSection(ExtensibilityGlobals) = postSolution
		SolutionGuid = {A016EAB2-A4BE-4627-A11A-0D511CD1ECAC}
	EndGlobalSection
EndGlobal
